
Microsoft Visual Studio Solution File, Format Version 12.00
# Visual Studio Version 16
VisualStudioVersion = 16.0.29613.14
MinimumVisualStudioVersion = 10.0.40219.1
Project("{8BC9CEB8-8B4A-11D0-8D11-00A0C91BC942}") = "craftdium", "Craftdium\test.vcxproj", "{DC71E336-7693-3BC7-985A-006CC207B367}"
EndProject
Global
	GlobalSection(SolutionConfigurationPlatforms) = preSolution
		Debug|x64 = Debug|x64
		Release|x64 = Release|x64
	EndGlobalSection
	GlobalSection(ProjectConfigurationPlatforms) = postSolution
		{DC71E336-7693-3BC7-985A-006CC207B367}.Debug|x64.ActiveCfg = Debug|x64
		{DC71E336-7693-3BC7-985A-006CC207B367}.Debug|x64.Build.0 = Debug|x64
		{DC71E336-7693-3BC7-985A-006CC207B367}.Release|x64.ActiveCfg = Release|x64
		{DC71E336-7693-3BC7-985A-006CC207B367}.Release|x64.Build.0 = Release|x64
	EndGlobalSection
	GlobalSection(SolutionProperties) = preSolution
		HideSolutionNode = FALSE
	EndGlobalSection
	GlobalSection(ExtensibilityGlobals) = postSolution
		SolutionGuid = {A97B19C9-AA04-46FE-96D4-CF872944BD30}
	EndGlobalSection
EndGlobal
